
Microsoft Visual Studio Solution File, Format Version 12.00
# Visual Studio Version 17
VisualStudioVersion = 17.0.32112.339
MinimumVisualStudioVersion = 10.0.40219.1
Project("{9A19103F-16F7-4668-BE54-9A1E7A4F7556}") = "SalaryCalculator", "SalaryCalculator\SalaryCalculator.csproj", "{F33BF9A4-7A06-4B35-B265-8EB50E6E9FC4}"
EndProject
Project("{2150E333-8FDC-42A3-9474-1A3956D46DE8}") = "ToDoList", "ToDoList", "{190BCDC4-29BF-4163-A440-7F3EE3A0C662}"
	ProjectSection(SolutionItems) = preProject
		ToDoList.txt = ToDoList.txt
	EndProjectSection
EndProject
Global
	GlobalSection(SolutionConfigurationPlatforms) = preSolution
		Debug|Any CPU = Debug|Any CPU
		Release|Any CPU = Release|Any CPU
	EndGlobalSection
	GlobalSection(ProjectConfigurationPlatforms) = postSolution
		{F33BF9A4-7A06-4B35-B265-8EB50E6E9FC4}.Debug|Any CPU.ActiveCfg = Debug|Any CPU
		{F33BF9A4-7A06-4B35-B265-8EB50E6E9FC4}.Debug|Any CPU.Build.0 = Debug|Any CPU
		{F33BF9A4-7A06-4B35-B265-8EB50E6E9FC4}.Release|Any CPU.ActiveCfg = Release|Any CPU
		{F33BF9A4-7A06-4B35-B265-8EB50E6E9FC4}.Release|Any CPU.Build.0 = Release|Any CPU
	EndGlobalSection
	GlobalSection(SolutionProperties) = preSolution
		HideSolutionNode = FALSE
	EndGlobalSection
	GlobalSection(ExtensibilityGlobals) = postSolution
		SolutionGuid = {0C4840EB-8723-4AED-AE7F-2397365F6379}
	EndGlobalSection
EndGlobal
